
Microsoft Visual Studio Solution File, Format Version 12.00
# Visual Studio Version 17
VisualStudioVersion = 17.4.33213.308
MinimumVisualStudioVersion = 10.0.40219.1
Project("{FAE04EC0-301F-11D3-BF4B-00C04F79EFBC}") = "ClassLibPassword", "CheckLibPassword\ClassLibPassword.csproj", "{5921E782-E572-467D-8445-C266F50F6873}"
EndProject
Project("{9A19103F-16F7-4668-BE54-9A1E7A4F7556}") = "ClassLibPassword.Tests", "PasswordCheckerTest\ClassLibPassword.Tests.csproj", "{6C1955CC-F3A3-4025-BF35-E6EE6BF6DF89}"
EndProject
Project("{FAE04EC0-301F-11D3-BF4B-00C04F79EFBC}") = "ArrayGen.Tests", "ArrayGen.Tests\ArrayGen.Tests.csproj", "{5ED8C605-E6D6-41AD-BC20-5B40AEC8C6F8}"
EndProject
Project("{FAE04EC0-301F-11D3-BF4B-00C04F79EFBC}") = "ClassLibArray", "ClassLibArray\ClassLibArray.csproj", "{F3DA9CDC-1877-4021-B678-B16CAA1E48C7}"
EndProject
Global
	GlobalSection(SolutionConfigurationPlatforms) = preSolution
		Debug|Any CPU = Debug|Any CPU
		Release|Any CPU = Release|Any CPU
	EndGlobalSection
	GlobalSection(ProjectConfigurationPlatforms) = postSolution
		{5921E782-E572-467D-8445-C266F50F6873}.Debug|Any CPU.ActiveCfg = Debug|Any CPU
		{5921E782-E572-467D-8445-C266F50F6873}.Debug|Any CPU.Build.0 = Debug|Any CPU
		{5921E782-E572-467D-8445-C266F50F6873}.Release|Any CPU.ActiveCfg = Release|Any CPU
		{5921E782-E572-467D-8445-C266F50F6873}.Release|Any CPU.Build.0 = Release|Any CPU
		{6C1955CC-F3A3-4025-BF35-E6EE6BF6DF89}.Debug|Any CPU.ActiveCfg = Debug|Any CPU
		{6C1955CC-F3A3-4025-BF35-E6EE6BF6DF89}.Debug|Any CPU.Build.0 = Debug|Any CPU
		{6C1955CC-F3A3-4025-BF35-E6EE6BF6DF89}.Release|Any CPU.ActiveCfg = Release|Any CPU
		{6C1955CC-F3A3-4025-BF35-E6EE6BF6DF89}.Release|Any CPU.Build.0 = Release|Any CPU
		{5ED8C605-E6D6-41AD-BC20-5B40AEC8C6F8}.Debug|Any CPU.ActiveCfg = Debug|Any CPU
		{5ED8C605-E6D6-41AD-BC20-5B40AEC8C6F8}.Debug|Any CPU.Build.0 = Debug|Any CPU
		{5ED8C605-E6D6-41AD-BC20-5B40AEC8C6F8}.Release|Any CPU.ActiveCfg = Release|Any CPU
		{5ED8C605-E6D6-41AD-BC20-5B40AEC8C6F8}.Release|Any CPU.Build.0 = Release|Any CPU
		{F3DA9CDC-1877-4021-B678-B16CAA1E48C7}.Debug|Any CPU.ActiveCfg = Debug|Any CPU
		{F3DA9CDC-1877-4021-B678-B16CAA1E48C7}.Debug|Any CPU.Build.0 = Debug|Any CPU
		{F3DA9CDC-1877-4021-B678-B16CAA1E48C7}.Release|Any CPU.ActiveCfg = Release|Any CPU
		{F3DA9CDC-1877-4021-B678-B16CAA1E48C7}.Release|Any CPU.Build.0 = Release|Any CPU
	EndGlobalSection
	GlobalSection(SolutionProperties) = preSolution
		HideSolutionNode = FALSE
	EndGlobalSection
	GlobalSection(ExtensibilityGlobals) = postSolution
		SolutionGuid = {51D07FD3-BE62-4D96-8C33-E9974180A095}
	EndGlobalSection
EndGlobal
